
Microsoft Visual Studio Solution File, Format Version 12.00
# Visual Studio 15
VisualStudioVersion = 15.0.28010.2050
MinimumVisualStudioVersion = 10.0.40219.1
Project("{FAE04EC0-301F-11D3-BF4B-00C04F79EFBC}") = "TBModExt_Statistics", "TBModExt_Statistics\TBModExt_Statistics.csproj", "{2617ED91-0B9B-4BAD-9CA2-0F11107BB181}"
EndProject
Global
	GlobalSection(SolutionConfigurationPlatforms) = preSolution
		Debug|Any CPU = Debug|Any CPU
		Release|Any CPU = Release|Any CPU
	EndGlobalSection
	GlobalSection(ProjectConfigurationPlatforms) = postSolution
		{2617ED91-0B9B-4BAD-9CA2-0F11107BB181}.Debug|Any CPU.ActiveCfg = Debug|Any CPU
		{2617ED91-0B9B-4BAD-9CA2-0F11107BB181}.Debug|Any CPU.Build.0 = Debug|Any CPU
		{2617ED91-0B9B-4BAD-9CA2-0F11107BB181}.Release|Any CPU.ActiveCfg = Release|Any CPU
		{2617ED91-0B9B-4BAD-9CA2-0F11107BB181}.Release|Any CPU.Build.0 = Release|Any CPU
	EndGlobalSection
	GlobalSection(SolutionProperties) = preSolution
		HideSolutionNode = FALSE
	EndGlobalSection
	GlobalSection(ExtensibilityGlobals) = postSolution
		SolutionGuid = {F1332022-F997-4D02-A037-F8FD893F5D4D}
	EndGlobalSection
EndGlobal
